
Microsoft Visual Studio Solution File, Format Version 12.00
# Visual Studio 14
VisualStudioVersion = 14.0.24720.0
MinimumVisualStudioVersion = 10.0.40219.1
Project("{FAE04EC0-301F-11D3-BF4B-00C04F79EFBC}") = "SmartResearch", "SmartResearch\SmartResearch.csproj", "{7BBB8E0B-AA06-45A6-AB6E-8A0B51103C3D}"
EndProject
Project("{FAE04EC0-301F-11D3-BF4B-00C04F79EFBC}") = "Parser", "Parser\Parser.csproj", "{1AFA8F6F-D274-406B-AE38-06708A8A04AF}"
EndProject
Project("{FAE04EC0-301F-11D3-BF4B-00C04F79EFBC}") = "SemanticNetwork", "SemanticNetwork\SemanticNetwork.csproj", "{7CD36034-D806-4344-AEF1-231531BEA5CD}"
EndProject
Project("{FAE04EC0-301F-11D3-BF4B-00C04F79EFBC}") = "KnowledgeBase", "KnowledgeBase\KnowledgeBase.csproj", "{06A0E6B3-5290-4695-AE49-BADAF99D7E71}"
EndProject
Global
	GlobalSection(SolutionConfigurationPlatforms) = preSolution
		Debug|Any CPU = Debug|Any CPU
		Release|Any CPU = Release|Any CPU
	EndGlobalSection
	GlobalSection(ProjectConfigurationPlatforms) = postSolution
		{7BBB8E0B-AA06-45A6-AB6E-8A0B51103C3D}.Debug|Any CPU.ActiveCfg = Debug|Any CPU
		{7BBB8E0B-AA06-45A6-AB6E-8A0B51103C3D}.Debug|Any CPU.Build.0 = Debug|Any CPU
		{7BBB8E0B-AA06-45A6-AB6E-8A0B51103C3D}.Release|Any CPU.ActiveCfg = Release|Any CPU
		{7BBB8E0B-AA06-45A6-AB6E-8A0B51103C3D}.Release|Any CPU.Build.0 = Release|Any CPU
		{1AFA8F6F-D274-406B-AE38-06708A8A04AF}.Debug|Any CPU.ActiveCfg = Debug|Any CPU
		{1AFA8F6F-D274-406B-AE38-06708A8A04AF}.Debug|Any CPU.Build.0 = Debug|Any CPU
		{1AFA8F6F-D274-406B-AE38-06708A8A04AF}.Release|Any CPU.ActiveCfg = Release|Any CPU
		{1AFA8F6F-D274-406B-AE38-06708A8A04AF}.Release|Any CPU.Build.0 = Release|Any CPU
		{7CD36034-D806-4344-AEF1-231531BEA5CD}.Debug|Any CPU.ActiveCfg = Debug|Any CPU
		{7CD36034-D806-4344-AEF1-231531BEA5CD}.Debug|Any CPU.Build.0 = Debug|Any CPU
		{7CD36034-D806-4344-AEF1-231531BEA5CD}.Release|Any CPU.ActiveCfg = Release|Any CPU
		{7CD36034-D806-4344-AEF1-231531BEA5CD}.Release|Any CPU.Build.0 = Release|Any CPU
		{06A0E6B3-5290-4695-AE49-BADAF99D7E71}.Debug|Any CPU.ActiveCfg = Debug|Any CPU
		{06A0E6B3-5290-4695-AE49-BADAF99D7E71}.Debug|Any CPU.Build.0 = Debug|Any CPU
		{06A0E6B3-5290-4695-AE49-BADAF99D7E71}.Release|Any CPU.ActiveCfg = Release|Any CPU
		{06A0E6B3-5290-4695-AE49-BADAF99D7E71}.Release|Any CPU.Build.0 = Release|Any CPU
	EndGlobalSection
	GlobalSection(SolutionProperties) = preSolution
		HideSolutionNode = FALSE
	EndGlobalSection
EndGlobal
